// !$*UTF8*$!
{
	archiveVersion = 1;
	classes = {
	};
	objectVersion = 60;
	objects = {

/* Begin PBXBuildFile section */
		CE12817D2B2C65C6001B11BE /* MacOSApp.swift in Sources */ = {isa = PBXBuildFile; fileRef = CE12817C2B2C65C6001B11BE /* MacOSApp.swift */; };
		CE1281872B2C6997001B11BE /* SharedModule in Frameworks */ = {isa = PBXBuildFile; productRef = CE1281862B2C6997001B11BE /* SharedModule */; };
		CE12818F2B2C6A9C001B11BE /* iOSApp.swift in Sources */ = {isa = PBXBuildFile; fileRef = CE12818E2B2C6A9C001B11BE /* iOSApp.swift */; };
		CE12819B2B2C6AC3001B11BE /* SharedModule in Frameworks */ = {isa = PBXBuildFile; productRef = CE12819A2B2C6AC3001B11BE /* SharedModule */; };
		CE1281A32B2C6B56001B11BE /* iOSAppClipApp.swift in Sources */ = {isa = PBXBuildFile; fileRef = CE1281A22B2C6B56001B11BE /* iOSAppClipApp.swift */; };
		CE1281AF2B2C6B57001B11BE /* iOS App Clip.app in Embed App Clips */ = {isa = PBXBuildFile; fileRef = CE1281A02B2C6B56001B11BE /* iOS App Clip.app */; settings = {ATTRIBUTES = (RemoveHeadersOnCopy, ); }; };
		CE1281B52B2C6B62001B11BE /* SharedModule in Frameworks */ = {isa = PBXBuildFile; productRef = CE1281B42B2C6B62001B11BE /* SharedModule */; };
		CE1281CB2B2C9925001B11BE /* libRustWasmer.xcframework in Frameworks */ = {isa = PBXBuildFile; fileRef = CE1281C72B2C97D8001B11BE /* libRustWasmer.xcframework */; };
		CE1281CC2B2C9925001B11BE /* libRustWasmer.xcframework in Embed Frameworks */ = {isa = PBXBuildFile; fileRef = CE1281C72B2C97D8001B11BE /* libRustWasmer.xcframework */; settings = {ATTRIBUTES = (CodeSignOnCopy, RemoveHeadersOnCopy, ); }; };
		CE1281CE2B2C9929001B11BE /* libRustWasmer.xcframework in Frameworks */ = {isa = PBXBuildFile; fileRef = CE1281C72B2C97D8001B11BE /* libRustWasmer.xcframework */; };
		CE1281CF2B2C9929001B11BE /* libRustWasmer.xcframework in Embed Frameworks */ = {isa = PBXBuildFile; fileRef = CE1281C72B2C97D8001B11BE /* libRustWasmer.xcframework */; settings = {ATTRIBUTES = (CodeSignOnCopy, RemoveHeadersOnCopy, ); }; };
		CE1282012B2CAC93001B11BE /* libRustWasmer.xcframework in Frameworks */ = {isa = PBXBuildFile; fileRef = CE1281C72B2C97D8001B11BE /* libRustWasmer.xcframework */; };
		CE1282022B2CAC93001B11BE /* libRustWasmer.xcframework in Embed Frameworks */ = {isa = PBXBuildFile; fileRef = CE1281C72B2C97D8001B11BE /* libRustWasmer.xcframework */; settings = {ATTRIBUTES = (CodeSignOnCopy, RemoveHeadersOnCopy, ); }; };
/* End PBXBuildFile section */

/* Begin PBXContainerItemProxy section */
		CE1281AD2B2C6B57001B11BE /* PBXContainerItemProxy */ = {
			isa = PBXContainerItemProxy;
			containerPortal = CE4A24082B2C60C7006894AD /* Project object */;
			proxyType = 1;
			remoteGlobalIDString = CE12819F2B2C6B56001B11BE;
			remoteInfo = "iOS App Clip";
		};
/* End PBXContainerItemProxy section */

/* Begin PBXCopyFilesBuildPhase section */
		CE1281B32B2C6B57001B11BE /* Embed App Clips */ = {
			isa = PBXCopyFilesBuildPhase;
			buildActionMask = 2147483647;
			dstPath = "$(CONTENTS_FOLDER_PATH)/AppClips";
			dstSubfolderSpec = 16;
			files = (
				CE1281AF2B2C6B57001B11BE /* iOS App Clip.app in Embed App Clips */,
			);
			name = "Embed App Clips";
			runOnlyForDeploymentPostprocessing = 0;
		};
		CE1281CD2B2C9925001B11BE /* Embed Frameworks */ = {
			isa = PBXCopyFilesBuildPhase;
			buildActionMask = 2147483647;
			dstPath = "";
			dstSubfolderSpec = 10;
			files = (
				CE1281CC2B2C9925001B11BE /* libRustWasmer.xcframework in Embed Frameworks */,
			);
			name = "Embed Frameworks";
			runOnlyForDeploymentPostprocessing = 0;
		};
		CE1281D02B2C992A001B11BE /* Embed Frameworks */ = {
			isa = PBXCopyFilesBuildPhase;
			buildActionMask = 2147483647;
			dstPath = "";
			dstSubfolderSpec = 10;
			files = (
				CE1281CF2B2C9929001B11BE /* libRustWasmer.xcframework in Embed Frameworks */,
			);
			name = "Embed Frameworks";
			runOnlyForDeploymentPostprocessing = 0;
		};
		CE1282032B2CAC93001B11BE /* Embed Frameworks */ = {
			isa = PBXCopyFilesBuildPhase;
			buildActionMask = 2147483647;
			dstPath = "";
			dstSubfolderSpec = 10;
			files = (
				CE1282022B2CAC93001B11BE /* libRustWasmer.xcframework in Embed Frameworks */,
			);
			name = "Embed Frameworks";
			runOnlyForDeploymentPostprocessing = 0;
		};
/* End PBXCopyFilesBuildPhase section */

/* Begin PBXFileReference section */
		CE1281652B2C6390001B11BE /* SharedModule */ = {isa = PBXFileReference; lastKnownFileType = wrapper; path = SharedModule; sourceTree = "<group>"; };
		CE12816A2B2C6489001B11BE /* MacOS.app */ = {isa = PBXFileReference; explicitFileType = wrapper.application; includeInIndex = 0; path = MacOS.app; sourceTree = BUILT_PRODUCTS_DIR; };
		CE1281752B2C648A001B11BE /* MacOS.entitlements */ = {isa = PBXFileReference; lastKnownFileType = text.plist.entitlements; path = MacOS.entitlements; sourceTree = "<group>"; };
		CE12817C2B2C65C6001B11BE /* MacOSApp.swift */ = {isa = PBXFileReference; lastKnownFileType = sourcecode.swift; path = MacOSApp.swift; sourceTree = "<group>"; };
		CE12817F2B2C6669001B11BE /* Info.plist */ = {isa = PBXFileReference; lastKnownFileType = text.plist; path = Info.plist; sourceTree = "<group>"; };
		CE12818C2B2C6A9C001B11BE /* iOS.app */ = {isa = PBXFileReference; explicitFileType = wrapper.application; includeInIndex = 0; path = iOS.app; sourceTree = BUILT_PRODUCTS_DIR; };
		CE12818E2B2C6A9C001B11BE /* iOSApp.swift */ = {isa = PBXFileReference; lastKnownFileType = sourcecode.swift; path = iOSApp.swift; sourceTree = "<group>"; };
		CE1281A02B2C6B56001B11BE /* iOS App Clip.app */ = {isa = PBXFileReference; explicitFileType = wrapper.application; includeInIndex = 0; path = "iOS App Clip.app"; sourceTree = BUILT_PRODUCTS_DIR; };
		CE1281A22B2C6B56001B11BE /* iOSAppClipApp.swift */ = {isa = PBXFileReference; lastKnownFileType = sourcecode.swift; path = iOSAppClipApp.swift; sourceTree = "<group>"; };
		CE1281AB2B2C6B57001B11BE /* Info.plist */ = {isa = PBXFileReference; lastKnownFileType = text.plist.xml; path = Info.plist; sourceTree = "<group>"; };
		CE1281AC2B2C6B57001B11BE /* iOS_App_Clip.entitlements */ = {isa = PBXFileReference; lastKnownFileType = text.plist.entitlements; path = iOS_App_Clip.entitlements; sourceTree = "<group>"; };
		CE1281B62B2C947C001B11BE /* compileRustToXCFramework.sh */ = {isa = PBXFileReference; lastKnownFileType = text.script.sh; path = compileRustToXCFramework.sh; sourceTree = "<group>"; };
		CE1281B82B2C9488001B11BE /* Cargo.toml */ = {isa = PBXFileReference; lastKnownFileType = text; path = Cargo.toml; sourceTree = "<group>"; };
		CE1281B92B2C9488001B11BE /* Cargo.lock */ = {isa = PBXFileReference; lastKnownFileType = text; path = Cargo.lock; sourceTree = "<group>"; };
		CE1281BA2B2C9488001B11BE /* build.rs */ = {isa = PBXFileReference; lastKnownFileType = text; path = build.rs; sourceTree = "<group>"; };
		CE1281BC2B2C9488001B11BE /* BridgingHeader.h */ = {isa = PBXFileReference; lastKnownFileType = sourcecode.c.h; path = BridgingHeader.h; sourceTree = "<group>"; };
		CE1281BD2B2C9488001B11BE /* module.modulemap */ = {isa = PBXFileReference; lastKnownFileType = "sourcecode.module-map"; path = module.modulemap; sourceTree = "<group>"; };
		CE1281BF2B2C9488001B11BE /* vcs.xml */ = {isa = PBXFileReference; lastKnownFileType = text.xml; path = vcs.xml; sourceTree = "<group>"; };
		CE1281C02B2C9488001B11BE /* .gitignore */ = {isa = PBXFileReference; lastKnownFileType = text; path = .gitignore; sourceTree = "<group>"; };
		CE1281C12B2C9488001B11BE /* workspace.xml */ = {isa = PBXFileReference; lastKnownFileType = text.xml; path = workspace.xml; sourceTree = "<group>"; };
		CE1281C22B2C9488001B11BE /* modules.xml */ = {isa = PBXFileReference; lastKnownFileType = text.xml; path = modules.xml; sourceTree = "<group>"; };
		CE1281C32B2C9488001B11BE /* RustWasmer.iml */ = {isa = PBXFileReference; lastKnownFileType = text.xml; path = RustWasmer.iml; sourceTree = "<group>"; };
		CE1281C42B2C9488001B11BE /* misc.xml */ = {isa = PBXFileReference; lastKnownFileType = text.xml; path = misc.xml; sourceTree = "<group>"; };
		CE1281C62B2C9488001B11BE /* lib.rs */ = {isa = PBXFileReference; lastKnownFileType = text; path = lib.rs; sourceTree = "<group>"; };
		CE1281C72B2C97D8001B11BE /* libRustWasmer.xcframework */ = {isa = PBXFileReference; lastKnownFileType = wrapper.xcframework; path = libRustWasmer.xcframework; sourceTree = "<group>"; };
		CE192CC32B2CF61C007E6E60 /* README.md */ = {isa = PBXFileReference; lastKnownFileType = net.daringfireball.markdown; path = README.md; sourceTree = "<group>"; };
		CE9F295B2B30A86E001FCD23 /* iOS.entitlements */ = {isa = PBXFileReference; lastKnownFileType = text.plist.entitlements; path = iOS.entitlements; sourceTree = "<group>"; };
		CEC4BD492B4718720009E115 /* memory_static_limited.rs */ = {isa = PBXFileReference; lastKnownFileType = text; path = memory_static_limited.rs; sourceTree = "<group>"; };
		CEC4BD4A2B4718720009E115 /* memory_default.rs */ = {isa = PBXFileReference; lastKnownFileType = text; path = memory_default.rs; sourceTree = "<group>"; };
		CEC4BD4B2B4718720009E115 /* memory_dynamic.rs */ = {isa = PBXFileReference; lastKnownFileType = text; path = memory_dynamic.rs; sourceTree = "<group>"; };
/* End PBXFileReference section */

/* Begin PBXFrameworksBuildPhase section */
		CE1281672B2C6489001B11BE /* Frameworks */ = {
			isa = PBXFrameworksBuildPhase;
			buildActionMask = 2147483647;
			files = (
				CE1282012B2CAC93001B11BE /* libRustWasmer.xcframework in Frameworks */,
				CE1281872B2C6997001B11BE /* SharedModule in Frameworks */,
			);
			runOnlyForDeploymentPostprocessing = 0;
		};
		CE1281892B2C6A9C001B11BE /* Frameworks */ = {
			isa = PBXFrameworksBuildPhase;
			buildActionMask = 2147483647;
			files = (
				CE1281CB2B2C9925001B11BE /* libRustWasmer.xcframework in Frameworks */,
				CE12819B2B2C6AC3001B11BE /* SharedModule in Frameworks */,
			);
			runOnlyForDeploymentPostprocessing = 0;
		};
		CE12819D2B2C6B56001B11BE /* Frameworks */ = {
			isa = PBXFrameworksBuildPhase;
			buildActionMask = 2147483647;
			files = (
				CE1281CE2B2C9929001B11BE /* libRustWasmer.xcframework in Frameworks */,
				CE1281B52B2C6B62001B11BE /* SharedModule in Frameworks */,
			);
			runOnlyForDeploymentPostprocessing = 0;
		};
/* End PBXFrameworksBuildPhase section */

/* Begin PBXGroup section */
		CE12816B2B2C6489001B11BE /* MacOS */ = {
			isa = PBXGroup;
			children = (
				CE12817F2B2C6669001B11BE /* Info.plist */,
				CE12817C2B2C65C6001B11BE /* MacOSApp.swift */,
				CE1281752B2C648A001B11BE /* MacOS.entitlements */,
			);
			path = MacOS;
			sourceTree = "<group>";
		};
		CE1281802B2C6676001B11BE /* Frameworks */ = {
			isa = PBXGroup;
			children = (
				CE1281C72B2C97D8001B11BE /* libRustWasmer.xcframework */,
			);
			name = Frameworks;
			sourceTree = "<group>";
		};
		CE12818D2B2C6A9C001B11BE /* iOS */ = {
			isa = PBXGroup;
			children = (
				CE9F295B2B30A86E001FCD23 /* iOS.entitlements */,
				CE12818E2B2C6A9C001B11BE /* iOSApp.swift */,
			);
			path = iOS;
			sourceTree = "<group>";
		};
		CE1281A12B2C6B56001B11BE /* iOS App Clip */ = {
			isa = PBXGroup;
			children = (
				CE1281A22B2C6B56001B11BE /* iOSAppClipApp.swift */,
				CE1281AB2B2C6B57001B11BE /* Info.plist */,
				CE1281AC2B2C6B57001B11BE /* iOS_App_Clip.entitlements */,
			);
			path = "iOS App Clip";
			sourceTree = "<group>";
		};
		CE1281B72B2C9488001B11BE /* RustWasmer */ = {
			isa = PBXGroup;
			children = (
				CE1281B82B2C9488001B11BE /* Cargo.toml */,
				CE1281B92B2C9488001B11BE /* Cargo.lock */,
				CE1281BA2B2C9488001B11BE /* build.rs */,
				CE1281BB2B2C9488001B11BE /* headers */,
				CE1281BE2B2C9488001B11BE /* .idea */,
				CE1281C52B2C9488001B11BE /* src */,
			);
			path = RustWasmer;
			sourceTree = "<group>";
		};
		CE1281BB2B2C9488001B11BE /* headers */ = {
			isa = PBXGroup;
			children = (
				CE1281BC2B2C9488001B11BE /* BridgingHeader.h */,
				CE1281BD2B2C9488001B11BE /* module.modulemap */,
			);
			path = headers;
			sourceTree = "<group>";
		};
		CE1281BE2B2C9488001B11BE /* .idea */ = {
			isa = PBXGroup;
			children = (
				CE1281BF2B2C9488001B11BE /* vcs.xml */,
				CE1281C02B2C9488001B11BE /* .gitignore */,
				CE1281C12B2C9488001B11BE /* workspace.xml */,
				CE1281C22B2C9488001B11BE /* modules.xml */,
				CE1281C32B2C9488001B11BE /* RustWasmer.iml */,
				CE1281C42B2C9488001B11BE /* misc.xml */,
			);
			path = .idea;
			sourceTree = "<group>";
		};
		CE1281C52B2C9488001B11BE /* src */ = {
			isa = PBXGroup;
			children = (
				CEC4BD4A2B4718720009E115 /* memory_default.rs */,
				CEC4BD4B2B4718720009E115 /* memory_dynamic.rs */,
				CEC4BD492B4718720009E115 /* memory_static_limited.rs */,
				CE1281C62B2C9488001B11BE /* lib.rs */,
			);
			path = src;
			sourceTree = "<group>";
		};
		CE4A24072B2C60C7006894AD = {
			isa = PBXGroup;
			children = (
				CE192CC32B2CF61C007E6E60 /* README.md */,
				CE1281B62B2C947C001B11BE /* compileRustToXCFramework.sh */,
				CE1281B72B2C9488001B11BE /* RustWasmer */,
				CE1281652B2C6390001B11BE /* SharedModule */,
				CE12816B2B2C6489001B11BE /* MacOS */,
				CE12818D2B2C6A9C001B11BE /* iOS */,
				CE1281A12B2C6B56001B11BE /* iOS App Clip */,
				CE4A24112B2C60C7006894AD /* Products */,
				CE1281802B2C6676001B11BE /* Frameworks */,
			);
			sourceTree = "<group>";
		};
		CE4A24112B2C60C7006894AD /* Products */ = {
			isa = PBXGroup;
			children = (
				CE12816A2B2C6489001B11BE /* MacOS.app */,
				CE12818C2B2C6A9C001B11BE /* iOS.app */,
				CE1281A02B2C6B56001B11BE /* iOS App Clip.app */,
			);
			name = Products;
			sourceTree = "<group>";
		};
/* End PBXGroup section */

/* Begin PBXNativeTarget section */
		CE1281692B2C6489001B11BE /* MacOS */ = {
			isa = PBXNativeTarget;
			buildConfigurationList = CE1281762B2C648A001B11BE /* Build configuration list for PBXNativeTarget "MacOS" */;
			buildPhases = (
				CE1281662B2C6489001B11BE /* Sources */,
				CE1281672B2C6489001B11BE /* Frameworks */,
				CE1281682B2C6489001B11BE /* Resources */,
				CE1282032B2CAC93001B11BE /* Embed Frameworks */,
			);
			buildRules = (
			);
			dependencies = (
			);
			name = MacOS;
			packageProductDependencies = (
				CE1281862B2C6997001B11BE /* SharedModule */,
			);
			productName = MacOS;
			productReference = CE12816A2B2C6489001B11BE /* MacOS.app */;
			productType = "com.apple.product-type.application";
		};
		CE12818B2B2C6A9C001B11BE /* iOS */ = {
			isa = PBXNativeTarget;
			buildConfigurationList = CE1281972B2C6A9C001B11BE /* Build configuration list for PBXNativeTarget "iOS" */;
			buildPhases = (
				CE1281882B2C6A9C001B11BE /* Sources */,
				CE1281892B2C6A9C001B11BE /* Frameworks */,
				CE12818A2B2C6A9C001B11BE /* Resources */,
				CE1281B32B2C6B57001B11BE /* Embed App Clips */,
				CE1281CD2B2C9925001B11BE /* Embed Frameworks */,
			);
			buildRules = (
			);
			dependencies = (
				CE1281AE2B2C6B57001B11BE /* PBXTargetDependency */,
			);
			name = iOS;
			packageProductDependencies = (
				CE12819A2B2C6AC3001B11BE /* SharedModule */,
			);
			productName = iOS;
			productReference = CE12818C2B2C6A9C001B11BE /* iOS.app */;
			productType = "com.apple.product-type.application";
		};
		CE12819F2B2C6B56001B11BE /* iOS App Clip */ = {
			isa = PBXNativeTarget;
			buildConfigurationList = CE1281B02B2C6B57001B11BE /* Build configuration list for PBXNativeTarget "iOS App Clip" */;
			buildPhases = (
				CE12819C2B2C6B56001B11BE /* Sources */,
				CE12819D2B2C6B56001B11BE /* Frameworks */,
				CE12819E2B2C6B56001B11BE /* Resources */,
				CE1281D02B2C992A001B11BE /* Embed Frameworks */,
			);
			buildRules = (
			);
			dependencies = (
			);
			name = "iOS App Clip";
			packageProductDependencies = (
				CE1281B42B2C6B62001B11BE /* SharedModule */,
			);
			productName = "iOS App Clip";
			productReference = CE1281A02B2C6B56001B11BE /* iOS App Clip.app */;
			productType = "com.apple.product-type.application.on-demand-install-capable";
		};
/* End PBXNativeTarget section */

/* Begin PBXProject section */
		CE4A24082B2C60C7006894AD /* Project object */ = {
			isa = PBXProject;
			attributes = {
				BuildIndependentTargetsInParallel = 1;
				LastSwiftUpdateCheck = 1510;
				LastUpgradeCheck = 1510;
				TargetAttributes = {
					CE1281692B2C6489001B11BE = {
						CreatedOnToolsVersion = 15.1;
					};
					CE12818B2B2C6A9C001B11BE = {
						CreatedOnToolsVersion = 15.1;
					};
					CE12819F2B2C6B56001B11BE = {
						CreatedOnToolsVersion = 15.1;
					};
				};
			};
			buildConfigurationList = CE4A240B2B2C60C7006894AD /* Build configuration list for PBXProject "SwiftWasmer" */;
			compatibilityVersion = "Xcode 14.0";
			developmentRegion = en;
			hasScannedForEncodings = 0;
			knownRegions = (
				en,
				Base,
			);
			mainGroup = CE4A24072B2C60C7006894AD;
			packageReferences = (
				CE1281852B2C6997001B11BE /* XCLocalSwiftPackageReference "SharedModule" */,
			);
			productRefGroup = CE4A24112B2C60C7006894AD /* Products */;
			projectDirPath = "";
			projectRoot = "";
			targets = (
				CE1281692B2C6489001B11BE /* MacOS */,
				CE12818B2B2C6A9C001B11BE /* iOS */,
				CE12819F2B2C6B56001B11BE /* iOS App Clip */,
			);
		};
/* End PBXProject section */

/* Begin PBXResourcesBuildPhase section */
		CE1281682B2C6489001B11BE /* Resources */ = {
			isa = PBXResourcesBuildPhase;
			buildActionMask = 2147483647;
			files = (
			);
			runOnlyForDeploymentPostprocessing = 0;
		};
		CE12818A2B2C6A9C001B11BE /* Resources */ = {
			isa = PBXResourcesBuildPhase;
			buildActionMask = 2147483647;
			files = (
			);
			runOnlyForDeploymentPostprocessing = 0;
		};
		CE12819E2B2C6B56001B11BE /* Resources */ = {
			isa = PBXResourcesBuildPhase;
			buildActionMask = 2147483647;
			files = (
			);
			runOnlyForDeploymentPostprocessing = 0;
		};
/* End PBXResourcesBuildPhase section */

/* Begin PBXSourcesBuildPhase section */
		CE1281662B2C6489001B11BE /* Sources */ = {
			isa = PBXSourcesBuildPhase;
			buildActionMask = 2147483647;
			files = (
				CE12817D2B2C65C6001B11BE /* MacOSApp.swift in Sources */,
			);
			runOnlyForDeploymentPostprocessing = 0;
		};
		CE1281882B2C6A9C001B11BE /* Sources */ = {
			isa = PBXSourcesBuildPhase;
			buildActionMask = 2147483647;
			files = (
				CE12818F2B2C6A9C001B11BE /* iOSApp.swift in Sources */,
			);
			runOnlyForDeploymentPostprocessing = 0;
		};
		CE12819C2B2C6B56001B11BE /* Sources */ = {
			isa = PBXSourcesBuildPhase;
			buildActionMask = 2147483647;
			files = (
				CE1281A32B2C6B56001B11BE /* iOSAppClipApp.swift in Sources */,
			);
			runOnlyForDeploymentPostprocessing = 0;
		};
/* End PBXSourcesBuildPhase section */

/* Begin PBXTargetDependency section */
		CE1281AE2B2C6B57001B11BE /* PBXTargetDependency */ = {
			isa = PBXTargetDependency;
			target = CE12819F2B2C6B56001B11BE /* iOS App Clip */;
			targetProxy = CE1281AD2B2C6B57001B11BE /* PBXContainerItemProxy */;
		};
/* End PBXTargetDependency section */

/* Begin XCBuildConfiguration section */
		CE1281772B2C648A001B11BE /* Debug */ = {
			isa = XCBuildConfiguration;
			buildSettings = {
				ARCHS = arm64;
				ASSETCATALOG_COMPILER_APPICON_NAME = AppIcon;
				ASSETCATALOG_COMPILER_GLOBAL_ACCENT_COLOR_NAME = AccentColor;
				CODE_SIGN_ENTITLEMENTS = MacOS/MacOS.entitlements;
				CODE_SIGN_IDENTITY = "Apple Development";
				"CODE_SIGN_IDENTITY[sdk=macosx*]" = "Apple Development";
				CODE_SIGN_STYLE = Automatic;
				COMBINE_HIDPI_IMAGES = YES;
				CURRENT_PROJECT_VERSION = 1;
				DEVELOPMENT_ASSET_PATHS = "";
				DEVELOPMENT_TEAM = MTC9F44K48;
				ENABLE_HARDENED_RUNTIME = YES;
				ENABLE_PREVIEWS = YES;
				GENERATE_INFOPLIST_FILE = YES;
				INFOPLIST_FILE = MacOS/Info.plist;
				INFOPLIST_KEY_CFBundleDisplayName = SwiftWasmer;
				INFOPLIST_KEY_NSHumanReadableCopyright = "";
				LD_RUNPATH_SEARCH_PATHS = (
					"$(inherited)",
					"@executable_path/../Frameworks",
				);
				MACOSX_DEPLOYMENT_TARGET = 14.0;
				MARKETING_VERSION = 1.0;
				OTHER_CODE_SIGN_FLAGS = "--deep";
				PRODUCT_BUNDLE_IDENTIFIER = com.oliveeyay.SwiftWasmer.MacOS;
				PRODUCT_NAME = "$(TARGET_NAME)";
				PROVISIONING_PROFILE_SPECIFIER = "";
				SDKROOT = macosx;
				SWIFT_EMIT_LOC_STRINGS = YES;
				SWIFT_VERSION = 5.0;
			};
			name = Debug;
		};
		CE1281782B2C648A001B11BE /* Release */ = {
			isa = XCBuildConfiguration;
			buildSettings = {
				ARCHS = arm64;
				ASSETCATALOG_COMPILER_APPICON_NAME = AppIcon;
				ASSETCATALOG_COMPILER_GLOBAL_ACCENT_COLOR_NAME = AccentColor;
				CODE_SIGN_ENTITLEMENTS = MacOS/MacOS.entitlements;
				CODE_SIGN_IDENTITY = "Apple Development";
				"CODE_SIGN_IDENTITY[sdk=macosx*]" = "Apple Development";
				CODE_SIGN_STYLE = Automatic;
				COMBINE_HIDPI_IMAGES = YES;
				CURRENT_PROJECT_VERSION = 1;
				DEVELOPMENT_ASSET_PATHS = "";
				DEVELOPMENT_TEAM = MTC9F44K48;
				ENABLE_HARDENED_RUNTIME = YES;
				ENABLE_PREVIEWS = YES;
				GENERATE_INFOPLIST_FILE = YES;
				INFOPLIST_FILE = MacOS/Info.plist;
				INFOPLIST_KEY_CFBundleDisplayName = SwiftWasmer;
				INFOPLIST_KEY_NSHumanReadableCopyright = "";
				LD_RUNPATH_SEARCH_PATHS = (
					"$(inherited)",
					"@executable_path/../Frameworks",
				);
				MACOSX_DEPLOYMENT_TARGET = 14.0;
				MARKETING_VERSION = 1.0;
				ONLY_ACTIVE_ARCH = YES;
				OTHER_CODE_SIGN_FLAGS = "--deep";
				PRODUCT_BUNDLE_IDENTIFIER = com.oliveeyay.SwiftWasmer.MacOS;
				PRODUCT_NAME = "$(TARGET_NAME)";
				PROVISIONING_PROFILE_SPECIFIER = "";
				SDKROOT = macosx;
				SWIFT_EMIT_LOC_STRINGS = YES;
				SWIFT_VERSION = 5.0;
			};
			name = Release;
		};
		CE1281982B2C6A9C001B11BE /* Debug */ = {
			isa = XCBuildConfiguration;
			buildSettings = {
				ALWAYS_EMBED_SWIFT_STANDARD_LIBRARIES = YES;
				ASSETCATALOG_COMPILER_APPICON_NAME = AppIcon;
				ASSETCATALOG_COMPILER_GLOBAL_ACCENT_COLOR_NAME = AccentColor;
				CODE_SIGN_ENTITLEMENTS = iOS/iOS.entitlements;
				CODE_SIGN_STYLE = Automatic;
				CURRENT_PROJECT_VERSION = 1;
				DEVELOPMENT_ASSET_PATHS = "";
				DEVELOPMENT_TEAM = MTC9F44K48;
				ENABLE_PREVIEWS = YES;
				GENERATE_INFOPLIST_FILE = YES;
				INFOPLIST_KEY_CFBundleDisplayName = SwiftWasmer;
				INFOPLIST_KEY_UIApplicationSceneManifest_Generation = YES;
				INFOPLIST_KEY_UIApplicationSupportsIndirectInputEvents = YES;
				INFOPLIST_KEY_UILaunchScreen_Generation = YES;
				INFOPLIST_KEY_UISupportedInterfaceOrientations_iPad = "UIInterfaceOrientationPortrait UIInterfaceOrientationPortraitUpsideDown UIInterfaceOrientationLandscapeLeft UIInterfaceOrientationLandscapeRight";
				INFOPLIST_KEY_UISupportedInterfaceOrientations_iPhone = "UIInterfaceOrientationPortrait UIInterfaceOrientationLandscapeLeft UIInterfaceOrientationLandscapeRight";
				IPHONEOS_DEPLOYMENT_TARGET = 17.0;
				LD_RUNPATH_SEARCH_PATHS = (
					"$(inherited)",
					"@executable_path/Frameworks",
				);
				MARKETING_VERSION = 1.0;
				PRODUCT_BUNDLE_IDENTIFIER = com.oliveeyay.SwiftWasmer.iOS;
				PRODUCT_NAME = "$(TARGET_NAME)";
				SDKROOT = iphoneos;
				SUPPORTED_PLATFORMS = "iphoneos iphonesimulator";
				SUPPORTS_MACCATALYST = NO;
				SUPPORTS_MAC_DESIGNED_FOR_IPHONE_IPAD = NO;
				SWIFT_EMIT_LOC_STRINGS = YES;
				SWIFT_VERSION = 5.0;
				TARGETED_DEVICE_FAMILY = "1,2";
			};
			name = Debug;
		};
		CE1281992B2C6A9C001B11BE /* Release */ = {
			isa = XCBuildConfiguration;
			buildSettings = {
				ALWAYS_EMBED_SWIFT_STANDARD_LIBRARIES = YES;
				ASSETCATALOG_COMPILER_APPICON_NAME = AppIcon;
				ASSETCATALOG_COMPILER_GLOBAL_ACCENT_COLOR_NAME = AccentColor;
				CODE_SIGN_ENTITLEMENTS = iOS/iOS.entitlements;
				CODE_SIGN_STYLE = Automatic;
				CURRENT_PROJECT_VERSION = 1;
				DEVELOPMENT_ASSET_PATHS = "";
				DEVELOPMENT_TEAM = MTC9F44K48;
				ENABLE_PREVIEWS = YES;
				GENERATE_INFOPLIST_FILE = YES;
				INFOPLIST_KEY_CFBundleDisplayName = SwiftWasmer;
				INFOPLIST_KEY_UIApplicationSceneManifest_Generation = YES;
				INFOPLIST_KEY_UIApplicationSupportsIndirectInputEvents = YES;
				INFOPLIST_KEY_UILaunchScreen_Generation = YES;
				INFOPLIST_KEY_UISupportedInterfaceOrientations_iPad = "UIInterfaceOrientationPortrait UIInterfaceOrientationPortraitUpsideDown UIInterfaceOrientationLandscapeLeft UIInterfaceOrientationLandscapeRight";
				INFOPLIST_KEY_UISupportedInterfaceOrientations_iPhone = "UIInterfaceOrientationPortrait UIInterfaceOrientationLandscapeLeft UIInterfaceOrientationLandscapeRight";
				IPHONEOS_DEPLOYMENT_TARGET = 17.0;
				LD_RUNPATH_SEARCH_PATHS = (
					"$(inherited)",
					"@executable_path/Frameworks",
				);
				MARKETING_VERSION = 1.0;
				PRODUCT_BUNDLE_IDENTIFIER = com.oliveeyay.SwiftWasmer.iOS;
				PRODUCT_NAME = "$(TARGET_NAME)";
				SDKROOT = iphoneos;
				SUPPORTED_PLATFORMS = "iphoneos iphonesimulator";
				SUPPORTS_MACCATALYST = NO;
				SUPPORTS_MAC_DESIGNED_FOR_IPHONE_IPAD = NO;
				SWIFT_EMIT_LOC_STRINGS = YES;
				SWIFT_VERSION = 5.0;
				TARGETED_DEVICE_FAMILY = "1,2";
				VALIDATE_PRODUCT = YES;
			};
			name = Release;
		};
		CE1281B12B2C6B57001B11BE /* Debug */ = {
			isa = XCBuildConfiguration;
			buildSettings = {
				ASSETCATALOG_COMPILER_APPICON_NAME = AppIcon;
				ASSETCATALOG_COMPILER_GLOBAL_ACCENT_COLOR_NAME = AccentColor;
				CODE_SIGN_ENTITLEMENTS = "iOS App Clip/iOS_App_Clip.entitlements";
				CODE_SIGN_STYLE = Automatic;
				CURRENT_PROJECT_VERSION = 1;
				DEVELOPMENT_ASSET_PATHS = "";
				DEVELOPMENT_TEAM = MTC9F44K48;
				ENABLE_PREVIEWS = YES;
				GENERATE_INFOPLIST_FILE = YES;
				INFOPLIST_FILE = "iOS App Clip/Info.plist";
				INFOPLIST_KEY_CFBundleDisplayName = "SwiftWasmer Clip";
				INFOPLIST_KEY_UIApplicationSceneManifest_Generation = YES;
				INFOPLIST_KEY_UIApplicationSupportsIndirectInputEvents = YES;
				INFOPLIST_KEY_UILaunchScreen_Generation = YES;
				INFOPLIST_KEY_UISupportedInterfaceOrientations_iPad = "UIInterfaceOrientationPortrait UIInterfaceOrientationPortraitUpsideDown UIInterfaceOrientationLandscapeLeft UIInterfaceOrientationLandscapeRight";
				INFOPLIST_KEY_UISupportedInterfaceOrientations_iPhone = "UIInterfaceOrientationPortrait UIInterfaceOrientationLandscapeLeft UIInterfaceOrientationLandscapeRight";
				IPHONEOS_DEPLOYMENT_TARGET = 17.2;
				LD_RUNPATH_SEARCH_PATHS = (
					"$(inherited)",
					"@executable_path/Frameworks",
				);
				MARKETING_VERSION = 1.0;
				PRODUCT_BUNDLE_IDENTIFIER = com.oliveeyay.SwiftWasmer.iOS.Clip;
				PRODUCT_NAME = "$(TARGET_NAME)";
				SDKROOT = iphoneos;
				SWIFT_EMIT_LOC_STRINGS = YES;
				SWIFT_VERSION = 5.0;
				TARGETED_DEVICE_FAMILY = "1,2";
			};
			name = Debug;
		};
		CE1281B22B2C6B57001B11BE /* Release */ = {
			isa = XCBuildConfiguration;
			buildSettings = {
				ASSETCATALOG_COMPILER_APPICON_NAME = AppIcon;
				ASSETCATALOG_COMPILER_GLOBAL_ACCENT_COLOR_NAME = AccentColor;
				CODE_SIGN_ENTITLEMENTS = "iOS App Clip/iOS_App_Clip.entitlements";
				CODE_SIGN_STYLE = Automatic;
				CURRENT_PROJECT_VERSION = 1;
				DEVELOPMENT_ASSET_PATHS = "";
				DEVELOPMENT_TEAM = MTC9F44K48;
				ENABLE_PREVIEWS = YES;
				GENERATE_INFOPLIST_FILE = YES;
				INFOPLIST_FILE = "iOS App Clip/Info.plist";
				INFOPLIST_KEY_CFBundleDisplayName = "SwiftWasmer Clip";
				INFOPLIST_KEY_UIApplicationSceneManifest_Generation = YES;
				INFOPLIST_KEY_UIApplicationSupportsIndirectInputEvents = YES;
				INFOPLIST_KEY_UILaunchScreen_Generation = YES;
				INFOPLIST_KEY_UISupportedInterfaceOrientations_iPad = "UIInterfaceOrientationPortrait UIInterfaceOrientationPortraitUpsideDown UIInterfaceOrientationLandscapeLeft UIInterfaceOrientationLandscapeRight";
				INFOPLIST_KEY_UISupportedInterfaceOrientations_iPhone = "UIInterfaceOrientationPortrait UIInterfaceOrientationLandscapeLeft UIInterfaceOrientationLandscapeRight";
				IPHONEOS_DEPLOYMENT_TARGET = 17.2;
				LD_RUNPATH_SEARCH_PATHS = (
					"$(inherited)",
					"@executable_path/Frameworks",
				);
				MARKETING_VERSION = 1.0;
				PRODUCT_BUNDLE_IDENTIFIER = com.oliveeyay.SwiftWasmer.iOS.Clip;
				PRODUCT_NAME = "$(TARGET_NAME)";
				SDKROOT = iphoneos;
				SWIFT_EMIT_LOC_STRINGS = YES;
				SWIFT_VERSION = 5.0;
				TARGETED_DEVICE_FAMILY = "1,2";
				VALIDATE_PRODUCT = YES;
			};
			name = Release;
		};
		CE4A241D2B2C60C8006894AD /* Debug */ = {
			isa = XCBuildConfiguration;
			buildSettings = {
				ALWAYS_SEARCH_USER_PATHS = NO;
				ASSETCATALOG_COMPILER_GENERATE_SWIFT_ASSET_SYMBOL_EXTENSIONS = YES;
				CLANG_ANALYZER_NONNULL = YES;
				CLANG_ANALYZER_NUMBER_OBJECT_CONVERSION = YES_AGGRESSIVE;
				CLANG_CXX_LANGUAGE_STANDARD = "gnu++20";
				CLANG_ENABLE_MODULES = YES;
				CLANG_ENABLE_OBJC_ARC = YES;
				CLANG_ENABLE_OBJC_WEAK = YES;
				CLANG_WARN_BLOCK_CAPTURE_AUTORELEASING = YES;
				CLANG_WARN_BOOL_CONVERSION = YES;
				CLANG_WARN_COMMA = YES;
				CLANG_WARN_CONSTANT_CONVERSION = YES;
				CLANG_WARN_DEPRECATED_OBJC_IMPLEMENTATIONS = YES;
				CLANG_WARN_DIRECT_OBJC_ISA_USAGE = YES_ERROR;
				CLANG_WARN_DOCUMENTATION_COMMENTS = YES;
				CLANG_WARN_EMPTY_BODY = YES;
				CLANG_WARN_ENUM_CONVERSION = YES;
				CLANG_WARN_INFINITE_RECURSION = YES;
				CLANG_WARN_INT_CONVERSION = YES;
				CLANG_WARN_NON_LITERAL_NULL_CONVERSION = YES;
				CLANG_WARN_OBJC_IMPLICIT_RETAIN_SELF = YES;
				CLANG_WARN_OBJC_LITERAL_CONVERSION = YES;
				CLANG_WARN_OBJC_ROOT_CLASS = YES_ERROR;
				CLANG_WARN_QUOTED_INCLUDE_IN_FRAMEWORK_HEADER = YES;
				CLANG_WARN_RANGE_LOOP_ANALYSIS = YES;
				CLANG_WARN_STRICT_PROTOTYPES = YES;
				CLANG_WARN_SUSPICIOUS_MOVE = YES;
				CLANG_WARN_UNGUARDED_AVAILABILITY = YES_AGGRESSIVE;
				CLANG_WARN_UNREACHABLE_CODE = YES;
				CLANG_WARN__DUPLICATE_METHOD_MATCH = YES;
				COPY_PHASE_STRIP = NO;
				DEBUG_INFORMATION_FORMAT = dwarf;
				ENABLE_STRICT_OBJC_MSGSEND = YES;
				ENABLE_TESTABILITY = YES;
				ENABLE_USER_SCRIPT_SANDBOXING = YES;
				GCC_C_LANGUAGE_STANDARD = gnu17;
				GCC_DYNAMIC_NO_PIC = NO;
				GCC_NO_COMMON_BLOCKS = YES;
				GCC_OPTIMIZATION_LEVEL = 0;
				GCC_PREPROCESSOR_DEFINITIONS = (
					"DEBUG=1",
					"$(inherited)",
				);
				GCC_WARN_64_TO_32_BIT_CONVERSION = YES;
				GCC_WARN_ABOUT_RETURN_TYPE = YES_ERROR;
				GCC_WARN_UNDECLARED_SELECTOR = YES;
				GCC_WARN_UNINITIALIZED_AUTOS = YES_AGGRESSIVE;
				GCC_WARN_UNUSED_FUNCTION = YES;
				GCC_WARN_UNUSED_VARIABLE = YES;
				LOCALIZATION_PREFERS_STRING_CATALOGS = YES;
				MTL_ENABLE_DEBUG_INFO = INCLUDE_SOURCE;
				MTL_FAST_MATH = YES;
				ONLY_ACTIVE_ARCH = YES;
				SWIFT_ACTIVE_COMPILATION_CONDITIONS = "DEBUG $(inherited)";
				SWIFT_OPTIMIZATION_LEVEL = "-Onone";
			};
			name = Debug;
		};
		CE4A241E2B2C60C8006894AD /* Release */ = {
			isa = XCBuildConfiguration;
			buildSettings = {
				ALWAYS_SEARCH_USER_PATHS = NO;
				ASSETCATALOG_COMPILER_GENERATE_SWIFT_ASSET_SYMBOL_EXTENSIONS = YES;
				CLANG_ANALYZER_NONNULL = YES;
				CLANG_ANALYZER_NUMBER_OBJECT_CONVERSION = YES_AGGRESSIVE;
				CLANG_CXX_LANGUAGE_STANDARD = "gnu++20";
				CLANG_ENABLE_MODULES = YES;
				CLANG_ENABLE_OBJC_ARC = YES;
				CLANG_ENABLE_OBJC_WEAK = YES;
				CLANG_WARN_BLOCK_CAPTURE_AUTORELEASING = YES;
				CLANG_WARN_BOOL_CONVERSION = YES;
				CLANG_WARN_COMMA = YES;
				CLANG_WARN_CONSTANT_CONVERSION = YES;
				CLANG_WARN_DEPRECATED_OBJC_IMPLEMENTATIONS = YES;
				CLANG_WARN_DIRECT_OBJC_ISA_USAGE = YES_ERROR;
				CLANG_WARN_DOCUMENTATION_COMMENTS = YES;
				CLANG_WARN_EMPTY_BODY = YES;
				CLANG_WARN_ENUM_CONVERSION = YES;
				CLANG_WARN_INFINITE_RECURSION = YES;
				CLANG_WARN_INT_CONVERSION = YES;
				CLANG_WARN_NON_LITERAL_NULL_CONVERSION = YES;
				CLANG_WARN_OBJC_IMPLICIT_RETAIN_SELF = YES;
				CLANG_WARN_OBJC_LITERAL_CONVERSION = YES;
				CLANG_WARN_OBJC_ROOT_CLASS = YES_ERROR;
				CLANG_WARN_QUOTED_INCLUDE_IN_FRAMEWORK_HEADER = YES;
				CLANG_WARN_RANGE_LOOP_ANALYSIS = YES;
				CLANG_WARN_STRICT_PROTOTYPES = YES;
				CLANG_WARN_SUSPICIOUS_MOVE = YES;
				CLANG_WARN_UNGUARDED_AVAILABILITY = YES_AGGRESSIVE;
				CLANG_WARN_UNREACHABLE_CODE = YES;
				CLANG_WARN__DUPLICATE_METHOD_MATCH = YES;
				COPY_PHASE_STRIP = NO;
				DEBUG_INFORMATION_FORMAT = "dwarf-with-dsym";
				ENABLE_NS_ASSERTIONS = NO;
				ENABLE_STRICT_OBJC_MSGSEND = YES;
				ENABLE_USER_SCRIPT_SANDBOXING = YES;
				GCC_C_LANGUAGE_STANDARD = gnu17;
				GCC_NO_COMMON_BLOCKS = YES;
				GCC_WARN_64_TO_32_BIT_CONVERSION = YES;
				GCC_WARN_ABOUT_RETURN_TYPE = YES_ERROR;
				GCC_WARN_UNDECLARED_SELECTOR = YES;
				GCC_WARN_UNINITIALIZED_AUTOS = YES_AGGRESSIVE;
				GCC_WARN_UNUSED_FUNCTION = YES;
				GCC_WARN_UNUSED_VARIABLE = YES;
				LOCALIZATION_PREFERS_STRING_CATALOGS = YES;
				MTL_ENABLE_DEBUG_INFO = NO;
				MTL_FAST_MATH = YES;
				SWIFT_COMPILATION_MODE = wholemodule;
			};
			name = Release;
		};
/* End XCBuildConfiguration section */

/* Begin XCConfigurationList section */
		CE1281762B2C648A001B11BE /* Build configuration list for PBXNativeTarget "MacOS" */ = {
			isa = XCConfigurationList;
			buildConfigurations = (
				CE1281772B2C648A001B11BE /* Debug */,
				CE1281782B2C648A001B11BE /* Release */,
			);
			defaultConfigurationIsVisible = 0;
			defaultConfigurationName = Release;
		};
		CE1281972B2C6A9C001B11BE /* Build configuration list for PBXNativeTarget "iOS" */ = {
			isa = XCConfigurationList;
			buildConfigurations = (
				CE1281982B2C6A9C001B11BE /* Debug */,
				CE1281992B2C6A9C001B11BE /* Release */,
			);
			defaultConfigurationIsVisible = 0;
			defaultConfigurationName = Release;
		};
		CE1281B02B2C6B57001B11BE /* Build configuration list for PBXNativeTarget "iOS App Clip" */ = {
			isa = XCConfigurationList;
			buildConfigurations = (
				CE1281B12B2C6B57001B11BE /* Debug */,
				CE1281B22B2C6B57001B11BE /* Release */,
			);
			defaultConfigurationIsVisible = 0;
			defaultConfigurationName = Release;
		};
		CE4A240B2B2C60C7006894AD /* Build configuration list for PBXProject "SwiftWasmer" */ = {
			isa = XCConfigurationList;
			buildConfigurations = (
				CE4A241D2B2C60C8006894AD /* Debug */,
				CE4A241E2B2C60C8006894AD /* Release */,
			);
			defaultConfigurationIsVisible = 0;
			defaultConfigurationName = Release;
		};
/* End XCConfigurationList section */

/* Begin XCLocalSwiftPackageReference section */
		CE1281852B2C6997001B11BE /* XCLocalSwiftPackageReference "SharedModule" */ = {
			isa = XCLocalSwiftPackageReference;
			relativePath = SharedModule;
		};
/* End XCLocalSwiftPackageReference section */

/* Begin XCSwiftPackageProductDependency section */
		CE1281862B2C6997001B11BE /* SharedModule */ = {
			isa = XCSwiftPackageProductDependency;
			productName = SharedModule;
		};
		CE12819A2B2C6AC3001B11BE /* SharedModule */ = {
			isa = XCSwiftPackageProductDependency;
			package = CE1281852B2C6997001B11BE /* XCLocalSwiftPackageReference "SharedModule" */;
			productName = SharedModule;
		};
		CE1281B42B2C6B62001B11BE /* SharedModule */ = {
			isa = XCSwiftPackageProductDependency;
			package = CE1281852B2C6997001B11BE /* XCLocalSwiftPackageReference "SharedModule" */;
			productName = SharedModule;
		};
/* End XCSwiftPackageProductDependency section */
	};
	rootObject = CE4A24082B2C60C7006894AD /* Project object */;
}
